{
  "name": "hello-world-ts",
  "version": "1.0.0",
  "lockfileVersion": 3,
  "requires": true,
  "packages": {
    "": {
      "name": "hello-world-ts",
      "version": "1.0.0",
      "license": "ISC",
      "dependencies": {
        "@genezio/types": "^1.0.14",
        "typescript": "^4.9.4"
      },
      "devDependencies": {
        "@types/node": "~18.13.0"
      }
    },
    "node_modules/@genezio/auth": {
      "version": "2.0.8",
      "resolved": "https://registry.npmjs.org/@genezio/auth/-/auth-2.0.8.tgz",
      "integrity": "sha512-/cS8Ovm2dgYOgD4upyVW2vbJh0VSHvhJ1KJGAyAJr4x+jmWne65If6z0V+JX7b5rciJXAyCcMuSbgajixz7tRQ=="
    },
    "node_modules/@genezio/types": {
      "version": "1.0.14",
      "resolved": "https://registry.npmjs.org/@genezio/types/-/types-1.0.14.tgz",
      "integrity": "sha512-Tml55nagjvCTD2gzHYmYjt+T1KxG2WUYKtZ7BvQzQhmlJ+ywhsE+136H7KXVa+y80arBpRY/VI8vXIHQGrfPXw==",
      "dependencies": {
        "@genezio/auth": "^2.0.5"
      }
    },
    "node_modules/@types/node": {
      "version": "18.13.0",
      "resolved": "https://registry.npmjs.org/@types/node/-/node-18.13.0.tgz",
      "integrity": "sha512-gC3TazRzGoOnoKAhUx+Q0t8S9Tzs74z7m0ipwGpSqQrleP14hKxP4/JUeEQcD3W1/aIpnWl8pHowI7WokuZpXg==",
      "dev": true
    },
    "node_modules/typescript": {
      "version": "4.9.5",
      "resolved": "https://registry.npmjs.org/typescript/-/typescript-4.9.5.tgz",
      "integrity": "sha512-1FXk9E2Hm+QzZQ7z+McJiHL4NW1F2EzMu9Nq9i3zAaGqibafqYwCVU6WyWAuyQRRzOlxou8xZSyXLEN8oKj24g==",
      "bin": {
        "tsc": "bin/tsc",
        "tsserver": "bin/tsserver"
      },
      "engines": {
        "node": ">=4.2.0"
      }
    }
  }
}
