{
  "name": "hello-world-ts",
  "version": "1.0.0",
  "lockfileVersion": 2,
  "requires": true,
  "packages": {
    "": {
      "name": "hello-world-ts",
      "version": "1.0.0",
      "license": "ISC",
      "dependencies": {
        "@genezio/types": "^0.1.9",
        "typescript": "^4.9.4"
      },
      "devDependencies": {
        "@types/node": "~18.13.0"
      }
    },
    "node_modules/@genezio/types": {
      "version": "0.1.9",
      "resolved": "https://registry.npmjs.org/@genezio/types/-/types-0.1.9.tgz",
      "integrity": "sha512-VqpO6TyJ0lg2P9pWjAUoYy1Xea4MX3jmOfH+HZJSPNyDc1rxJe6iqtRO0yrR74wV7PHpP0iiYd+z0gGKZ4Vgfg=="
    },
    "node_modules/@types/node": {
      "version": "18.13.0",
      "resolved": "https://registry.npmjs.org/@types/node/-/node-18.13.0.tgz",
      "integrity": "sha512-gC3TazRzGoOnoKAhUx+Q0t8S9Tzs74z7m0ipwGpSqQrleP14hKxP4/JUeEQcD3W1/aIpnWl8pHowI7WokuZpXg==",
      "dev": true
    },
    "node_modules/typescript": {
      "version": "4.9.5",
      "resolved": "https://registry.npmjs.org/typescript/-/typescript-4.9.5.tgz",
      "integrity": "sha512-1FXk9E2Hm+QzZQ7z+McJiHL4NW1F2EzMu9Nq9i3zAaGqibafqYwCVU6WyWAuyQRRzOlxou8xZSyXLEN8oKj24g==",
      "bin": {
        "tsc": "bin/tsc",
        "tsserver": "bin/tsserver"
      },
      "engines": {
        "node": ">=4.2.0"
      }
    }
  },
  "dependencies": {
    "@genezio/types": {
      "version": "0.1.9",
      "resolved": "https://registry.npmjs.org/@genezio/types/-/types-0.1.9.tgz",
      "integrity": "sha512-VqpO6TyJ0lg2P9pWjAUoYy1Xea4MX3jmOfH+HZJSPNyDc1rxJe6iqtRO0yrR74wV7PHpP0iiYd+z0gGKZ4Vgfg=="
    },
    "@types/node": {
      "version": "18.13.0",
      "resolved": "https://registry.npmjs.org/@types/node/-/node-18.13.0.tgz",
      "integrity": "sha512-gC3TazRzGoOnoKAhUx+Q0t8S9Tzs74z7m0ipwGpSqQrleP14hKxP4/JUeEQcD3W1/aIpnWl8pHowI7WokuZpXg==",
      "dev": true
    },
    "typescript": {
      "version": "4.9.5",
      "resolved": "https://registry.npmjs.org/typescript/-/typescript-4.9.5.tgz",
      "integrity": "sha512-1FXk9E2Hm+QzZQ7z+McJiHL4NW1F2EzMu9Nq9i3zAaGqibafqYwCVU6WyWAuyQRRzOlxou8xZSyXLEN8oKj24g=="
    }
  }
}
