{
  "name": "hello-world-ts-client",
  "version": "1.0.0",
  "lockfileVersion": 2,
  "requires": true,
  "packages": {
    "": {
      "name": "hello-world-ts-client",
      "version": "1.0.0",
      "license": "ISC",
      "dependencies": {
        "@genezio-sdk/hello-world-ts_us-east-1": "^1.0.0-prod"
      },
      "devDependencies": {
        "@types/node": "~18.13.0",
        "typescript": "^4.9.3"
      }
    },
    "node_modules/@genezio-sdk/hello-world-ts_us-east-1": {
      "version": "1.0.0-prod",
      "resolved": "https://5lraaxyjfn2jjgroseiwuzn3h40hmjxf.lambda-url.us-east-1.on.aws/RegistryHTTPHandler/npm/hello-world-ts_us-east-1/-/hello-world-ts_us-east-1-1.0.0-prod.tgz",
      "integrity": "sha512-p5E6lBDvnG839xs5xZyUFPeOTDoc0Kr/KUUhAyOTZSZEMDinkGDaQsg8UX2EahqY+2cggZtIV39y7a5DaO1Fow=="
    },
    "node_modules/@types/node": {
      "version": "18.13.0",
      "resolved": "https://registry.npmjs.org/@types/node/-/node-18.13.0.tgz",
      "integrity": "sha512-gC3TazRzGoOnoKAhUx+Q0t8S9Tzs74z7m0ipwGpSqQrleP14hKxP4/JUeEQcD3W1/aIpnWl8pHowI7WokuZpXg==",
      "dev": true
    },
    "node_modules/typescript": {
      "version": "4.9.3",
      "resolved": "https://registry.npmjs.org/typescript/-/typescript-4.9.3.tgz",
      "integrity": "sha512-CIfGzTelbKNEnLpLdGFgdyKhG23CKdKgQPOBc+OUNrkJ2vr+KSzsSV5kq5iWhEQbok+quxgGzrAtGWCyU7tHnA==",
      "dev": true,
      "bin": {
        "tsc": "bin/tsc",
        "tsserver": "bin/tsserver"
      },
      "engines": {
        "node": ">=4.2.0"
      }
    }
  },
  "dependencies": {
    "@genezio-sdk/hello-world-ts_us-east-1": {
      "version": "1.0.0-prod",
      "resolved": "https://5lraaxyjfn2jjgroseiwuzn3h40hmjxf.lambda-url.us-east-1.on.aws/RegistryHTTPHandler/npm/hello-world-ts_us-east-1/-/hello-world-ts_us-east-1-1.0.0-prod.tgz",
      "integrity": "sha512-p5E6lBDvnG839xs5xZyUFPeOTDoc0Kr/KUUhAyOTZSZEMDinkGDaQsg8UX2EahqY+2cggZtIV39y7a5DaO1Fow=="
    },
    "@types/node": {
      "version": "18.13.0",
      "resolved": "https://registry.npmjs.org/@types/node/-/node-18.13.0.tgz",
      "integrity": "sha512-gC3TazRzGoOnoKAhUx+Q0t8S9Tzs74z7m0ipwGpSqQrleP14hKxP4/JUeEQcD3W1/aIpnWl8pHowI7WokuZpXg==",
      "dev": true
    },
    "typescript": {
      "version": "4.9.3",
      "resolved": "https://registry.npmjs.org/typescript/-/typescript-4.9.3.tgz",
      "integrity": "sha512-CIfGzTelbKNEnLpLdGFgdyKhG23CKdKgQPOBc+OUNrkJ2vr+KSzsSV5kq5iWhEQbok+quxgGzrAtGWCyU7tHnA==",
      "dev": true
    }
  }
}
