{
  "name": "server",
  "version": "1.0.0",
  "lockfileVersion": 2,
  "requires": true,
  "packages": {
    "": {
      "name": "server",
      "version": "1.0.0",
      "license": "ISC",
      "dependencies": {
        "@genezio/types": "^0.1.2",
        "parse-multipart-data": "^1.5.0"
      }
    },
    "node_modules/@genezio/types": {
      "version": "0.1.2",
      "resolved": "https://registry.npmjs.org/@genezio/types/-/types-0.1.2.tgz",
      "integrity": "sha512-DTTrMXz0W57xyw4wqbrd1bq4oU9wu1ZKLtJvp16jsDYB9vzmFv7Ju13TlE0a8VwuwblPC8hVJT2WVrOVnY+a0A=="
    },
    "node_modules/parse-multipart-data": {
      "version": "1.5.0",
      "resolved": "https://registry.npmjs.org/parse-multipart-data/-/parse-multipart-data-1.5.0.tgz",
      "integrity": "sha512-ck5zaMF0ydjGfejNMnlo5YU2oJ+pT+80Jb1y4ybanT27j+zbVP/jkYmCrUGsEln0Ox/hZmuvgy8Ra7AxbXP2Mw=="
    }
  },
  "dependencies": {
    "@genezio/types": {
      "version": "0.1.2",
      "resolved": "https://registry.npmjs.org/@genezio/types/-/types-0.1.2.tgz",
      "integrity": "sha512-DTTrMXz0W57xyw4wqbrd1bq4oU9wu1ZKLtJvp16jsDYB9vzmFv7Ju13TlE0a8VwuwblPC8hVJT2WVrOVnY+a0A=="
    },
    "parse-multipart-data": {
      "version": "1.5.0",
      "resolved": "https://registry.npmjs.org/parse-multipart-data/-/parse-multipart-data-1.5.0.tgz",
      "integrity": "sha512-ck5zaMF0ydjGfejNMnlo5YU2oJ+pT+80Jb1y4ybanT27j+zbVP/jkYmCrUGsEln0Ox/hZmuvgy8Ra7AxbXP2Mw=="
    }
  }
}
