{
  "name": "genezio-server",
  "version": "1.0.0",
  "lockfileVersion": 3,
  "requires": true,
  "packages": {
    "": {
      "name": "genezio-server",
      "version": "1.0.0",
      "license": "ISC",
      "dependencies": {
        "@genezio/types": "^0.1.9"
      }
    },
    "node_modules/@genezio/types": {
      "version": "0.1.9",
      "resolved": "https://registry.npmjs.org/@genezio/types/-/types-0.1.9.tgz",
      "integrity": "sha512-VqpO6TyJ0lg2P9pWjAUoYy1Xea4MX3jmOfH+HZJSPNyDc1rxJe6iqtRO0yrR74wV7PHpP0iiYd+z0gGKZ4Vgfg=="
    }
  }
}
