{
  "name": "server",
  "version": "1.0.0",
  "lockfileVersion": 3,
  "requires": true,
  "packages": {
    "": {
      "name": "server",
      "version": "1.0.0",
      "license": "ISC",
      "dependencies": {
        "@genezio/types": "^1.0.2",
        "parse-multipart-data": "^1.5.0"
      }
    },
    "node_modules/@genezio/auth": {
      "version": "2.0.8",
      "resolved": "https://registry.npmjs.org/@genezio/auth/-/auth-2.0.8.tgz",
      "integrity": "sha512-/cS8Ovm2dgYOgD4upyVW2vbJh0VSHvhJ1KJGAyAJr4x+jmWne65If6z0V+JX7b5rciJXAyCcMuSbgajixz7tRQ=="
    },
    "node_modules/@genezio/types": {
      "version": "1.0.14",
      "resolved": "https://registry.npmjs.org/@genezio/types/-/types-1.0.14.tgz",
      "integrity": "sha512-Tml55nagjvCTD2gzHYmYjt+T1KxG2WUYKtZ7BvQzQhmlJ+ywhsE+136H7KXVa+y80arBpRY/VI8vXIHQGrfPXw==",
      "dependencies": {
        "@genezio/auth": "^2.0.5"
      }
    },
    "node_modules/parse-multipart-data": {
      "version": "1.5.0",
      "resolved": "https://registry.npmjs.org/parse-multipart-data/-/parse-multipart-data-1.5.0.tgz",
      "integrity": "sha512-ck5zaMF0ydjGfejNMnlo5YU2oJ+pT+80Jb1y4ybanT27j+zbVP/jkYmCrUGsEln0Ox/hZmuvgy8Ra7AxbXP2Mw=="
    }
  }
}
