{
  "name": "hello-world",
  "version": "1.0.0",
  "lockfileVersion": 3,
  "requires": true,
  "packages": {
    "": {
      "name": "hello-world",
      "version": "1.0.0",
      "license": "ISC",
      "dependencies": {
        "@genezio-sdk/hello-world_eu-central-1": "^1.0.0-prod"
      }
    },
    "node_modules/@genezio-sdk/hello-world_eu-central-1": {
      "version": "1.0.0-prod",
      "resolved": "https://5lraaxyjfn2jjgroseiwuzn3h40hmjxf.lambda-url.us-east-1.on.aws/RegistryHTTPHandler/npm/hello-world_eu-central-1/-/hello-world_eu-central-1-1.0.0-prod.tgz",
      "integrity": "sha512-EbaKU4QLbpYYK4yfyEbR7cpnaoEm0OTPgnRdtoCmvxVj1m2CJktX38kv998jdyvuqcPVq3Z8BHYDPvKyLHlRLw=="
    }
  }
}
